
Microsoft Visual Studio Solution File, Format Version 12.00
# Visual Studio Version 17
VisualStudioVersion = 17.1.32210.238
MinimumVisualStudioVersion = 10.0.40219.1
Project("{FAE04EC0-301F-11D3-BF4B-00C04F79EFBC}") = "Masuit.Tools", "Masuit.Tools\Masuit.Tools.csproj", "{275D5A0D-C49C-497E-A4B5-F40285C2495F}"
EndProject
Project("{9A19103F-16F7-4668-BE54-9A1E7A4F7556}") = "Masuit.Tools.Core", "Masuit.Tools.Core\Masuit.Tools.Core.csproj", "{149E6872-CE95-493B-B136-535E64C65A49}"
EndProject
Project("{2150E333-8FDC-42A3-9474-1A3956D46DE8}") = "测试", "测试", "{E0B8FBD1-A28A-4420-9DE2-6BD06035CBAC}"
EndProject
Project("{9A19103F-16F7-4668-BE54-9A1E7A4F7556}") = "Masuit.Tools.NoSQL.MongoDBClient", "Masuit.Tools.NoSQL.MongoDBClient\Masuit.Tools.NoSQL.MongoDBClient.csproj", "{2C4FF8E9-2662-4618-ABA4-BA55AA5EA9AB}"
EndProject
Project("{9A19103F-16F7-4668-BE54-9A1E7A4F7556}") = "Masuit.Tools.Abstractions", "Masuit.Tools.Abstractions\Masuit.Tools.Abstractions.csproj", "{74E7C0A2-499D-408F-A2E4-08878700C2DE}"
EndProject
Project("{9A19103F-16F7-4668-BE54-9A1E7A4F7556}") = "Masuit.Tools.Core.Test", "Test\Masuit.Tools.Core.Test\Masuit.Tools.Core.Test.csproj", "{B8BFA5B2-20BF-4D9C-A9F3-5E33EC6A0B20}"
EndProject
Project("{9A19103F-16F7-4668-BE54-9A1E7A4F7556}") = "Masuit.Tools.Abstractions.Test", "Test\Masuit.Tools.Abstractions.Test\Masuit.Tools.Abstractions.Test.csproj", "{61430D45-3808-49B5-BDF3-4536DA399DD4}"
EndProject
Project("{9A19103F-16F7-4668-BE54-9A1E7A4F7556}") = "Masuit.Tools.AspNetCore.ResumeFileResults.WebTest", "Test\Masuit.Tools.AspNetCore.ResumeFileResults.WebTest\Masuit.Tools.AspNetCore.ResumeFileResults.WebTest.csproj", "{99185F12-DFAD-4DB8-A2C4-C7E9700C0A31}"
EndProject
Project("{FAE04EC0-301F-11D3-BF4B-00C04F79EFBC}") = "Masuit.Tools.Test", "Test\Masuit.Tools.Test\Masuit.Tools.Test.csproj", "{AB9F4635-0ACB-4E5E-8E1B-431E0818CF60}"
EndProject
Project("{9A19103F-16F7-4668-BE54-9A1E7A4F7556}") = "Masuit.Tools.Excel", "Masuit.Tools.Excel\Masuit.Tools.Excel.csproj", "{47DF4A43-9C19-4572-B025-876A7710C1CF}"
EndProject
Project("{FAE04EC0-301F-11D3-BF4B-00C04F79EFBC}") = "Masuit.Tools.Net45", "Masuit.Tools.Net45\Masuit.Tools.Net45.csproj", "{F51077A5-1CCA-4576-89BB-5447AC3D8DBC}"
EndProject
Project("{9A19103F-16F7-4668-BE54-9A1E7A4F7556}") = "Masuit.Tools.AspNetCore", "Masuit.Tools.AspNetCore\Masuit.Tools.AspNetCore.csproj", "{73BA93B7-C6AE-4B39-892E-3596D91BF96C}"
EndProject
Project("{9A19103F-16F7-4668-BE54-9A1E7A4F7556}") = "NetCoreTest", "NetCoreTest\NetCoreTest.csproj", "{144D7A0C-002D-48E4-8814-EA14011CFFFC}"
EndProject
Project("{FAE04EC0-301F-11D3-BF4B-00C04F79EFBC}") = "BenchmarkTest", "BenchmarkTest\BenchmarkTest.csproj", "{0599ACF0-8495-4E72-AB5E-B7446A5C413A}"
EndProject
Global
	GlobalSection(SolutionConfigurationPlatforms) = preSolution
		Debug|Any CPU = Debug|Any CPU
		Release|Any CPU = Release|Any CPU
	EndGlobalSection
	GlobalSection(ProjectConfigurationPlatforms) = postSolution
		{275D5A0D-C49C-497E-A4B5-F40285C2495F}.Debug|Any CPU.ActiveCfg = Debug|Any CPU
		{275D5A0D-C49C-497E-A4B5-F40285C2495F}.Debug|Any CPU.Build.0 = Debug|Any CPU
		{275D5A0D-C49C-497E-A4B5-F40285C2495F}.Release|Any CPU.ActiveCfg = Release|Any CPU
		{275D5A0D-C49C-497E-A4B5-F40285C2495F}.Release|Any CPU.Build.0 = Release|Any CPU
		{149E6872-CE95-493B-B136-535E64C65A49}.Debug|Any CPU.ActiveCfg = Debug|Any CPU
		{149E6872-CE95-493B-B136-535E64C65A49}.Debug|Any CPU.Build.0 = Debug|Any CPU
		{149E6872-CE95-493B-B136-535E64C65A49}.Release|Any CPU.ActiveCfg = Release|Any CPU
		{149E6872-CE95-493B-B136-535E64C65A49}.Release|Any CPU.Build.0 = Release|Any CPU
		{2C4FF8E9-2662-4618-ABA4-BA55AA5EA9AB}.Debug|Any CPU.ActiveCfg = Debug|Any CPU
		{2C4FF8E9-2662-4618-ABA4-BA55AA5EA9AB}.Debug|Any CPU.Build.0 = Debug|Any CPU
		{2C4FF8E9-2662-4618-ABA4-BA55AA5EA9AB}.Release|Any CPU.ActiveCfg = Release|Any CPU
		{2C4FF8E9-2662-4618-ABA4-BA55AA5EA9AB}.Release|Any CPU.Build.0 = Release|Any CPU
		{74E7C0A2-499D-408F-A2E4-08878700C2DE}.Debug|Any CPU.ActiveCfg = Debug|Any CPU
		{74E7C0A2-499D-408F-A2E4-08878700C2DE}.Debug|Any CPU.Build.0 = Debug|Any CPU
		{74E7C0A2-499D-408F-A2E4-08878700C2DE}.Release|Any CPU.ActiveCfg = Release|Any CPU
		{74E7C0A2-499D-408F-A2E4-08878700C2DE}.Release|Any CPU.Build.0 = Release|Any CPU
		{B8BFA5B2-20BF-4D9C-A9F3-5E33EC6A0B20}.Debug|Any CPU.ActiveCfg = Debug|Any CPU
		{B8BFA5B2-20BF-4D9C-A9F3-5E33EC6A0B20}.Debug|Any CPU.Build.0 = Debug|Any CPU
		{B8BFA5B2-20BF-4D9C-A9F3-5E33EC6A0B20}.Release|Any CPU.ActiveCfg = Release|Any CPU
		{B8BFA5B2-20BF-4D9C-A9F3-5E33EC6A0B20}.Release|Any CPU.Build.0 = Release|Any CPU
		{61430D45-3808-49B5-BDF3-4536DA399DD4}.Debug|Any CPU.ActiveCfg = Debug|Any CPU
		{61430D45-3808-49B5-BDF3-4536DA399DD4}.Debug|Any CPU.Build.0 = Debug|Any CPU
		{61430D45-3808-49B5-BDF3-4536DA399DD4}.Release|Any CPU.ActiveCfg = Release|Any CPU
		{61430D45-3808-49B5-BDF3-4536DA399DD4}.Release|Any CPU.Build.0 = Release|Any CPU
		{99185F12-DFAD-4DB8-A2C4-C7E9700C0A31}.Debug|Any CPU.ActiveCfg = Debug|Any CPU
		{99185F12-DFAD-4DB8-A2C4-C7E9700C0A31}.Debug|Any CPU.Build.0 = Debug|Any CPU
		{99185F12-DFAD-4DB8-A2C4-C7E9700C0A31}.Release|Any CPU.ActiveCfg = Release|Any CPU
		{99185F12-DFAD-4DB8-A2C4-C7E9700C0A31}.Release|Any CPU.Build.0 = Release|Any CPU
		{AB9F4635-0ACB-4E5E-8E1B-431E0818CF60}.Debug|Any CPU.ActiveCfg = Debug|Any CPU
		{AB9F4635-0ACB-4E5E-8E1B-431E0818CF60}.Debug|Any CPU.Build.0 = Debug|Any CPU
		{AB9F4635-0ACB-4E5E-8E1B-431E0818CF60}.Release|Any CPU.ActiveCfg = Release|Any CPU
		{AB9F4635-0ACB-4E5E-8E1B-431E0818CF60}.Release|Any CPU.Build.0 = Release|Any CPU
		{47DF4A43-9C19-4572-B025-876A7710C1CF}.Debug|Any CPU.ActiveCfg = Debug|Any CPU
		{47DF4A43-9C19-4572-B025-876A7710C1CF}.Debug|Any CPU.Build.0 = Debug|Any CPU
		{47DF4A43-9C19-4572-B025-876A7710C1CF}.Release|Any CPU.ActiveCfg = Release|Any CPU
		{47DF4A43-9C19-4572-B025-876A7710C1CF}.Release|Any CPU.Build.0 = Release|Any CPU
		{F51077A5-1CCA-4576-89BB-5447AC3D8DBC}.Debug|Any CPU.ActiveCfg = Debug|Any CPU
		{F51077A5-1CCA-4576-89BB-5447AC3D8DBC}.Debug|Any CPU.Build.0 = Debug|Any CPU
		{F51077A5-1CCA-4576-89BB-5447AC3D8DBC}.Release|Any CPU.ActiveCfg = Release|Any CPU
		{F51077A5-1CCA-4576-89BB-5447AC3D8DBC}.Release|Any CPU.Build.0 = Release|Any CPU
		{73BA93B7-C6AE-4B39-892E-3596D91BF96C}.Debug|Any CPU.ActiveCfg = Debug|Any CPU
		{73BA93B7-C6AE-4B39-892E-3596D91BF96C}.Debug|Any CPU.Build.0 = Debug|Any CPU
		{73BA93B7-C6AE-4B39-892E-3596D91BF96C}.Release|Any CPU.ActiveCfg = Release|Any CPU
		{73BA93B7-C6AE-4B39-892E-3596D91BF96C}.Release|Any CPU.Build.0 = Release|Any CPU
		{144D7A0C-002D-48E4-8814-EA14011CFFFC}.Debug|Any CPU.ActiveCfg = Debug|Any CPU
		{144D7A0C-002D-48E4-8814-EA14011CFFFC}.Debug|Any CPU.Build.0 = Debug|Any CPU
		{144D7A0C-002D-48E4-8814-EA14011CFFFC}.Release|Any CPU.ActiveCfg = Release|Any CPU
		{144D7A0C-002D-48E4-8814-EA14011CFFFC}.Release|Any CPU.Build.0 = Release|Any CPU
		{0599ACF0-8495-4E72-AB5E-B7446A5C413A}.Debug|Any CPU.ActiveCfg = Debug|Any CPU
		{0599ACF0-8495-4E72-AB5E-B7446A5C413A}.Debug|Any CPU.Build.0 = Debug|Any CPU
		{0599ACF0-8495-4E72-AB5E-B7446A5C413A}.Release|Any CPU.ActiveCfg = Release|Any CPU
		{0599ACF0-8495-4E72-AB5E-B7446A5C413A}.Release|Any CPU.Build.0 = Release|Any CPU
	EndGlobalSection
	GlobalSection(SolutionProperties) = preSolution
		HideSolutionNode = FALSE
	EndGlobalSection
	GlobalSection(NestedProjects) = preSolution
		{B8BFA5B2-20BF-4D9C-A9F3-5E33EC6A0B20} = {E0B8FBD1-A28A-4420-9DE2-6BD06035CBAC}
		{61430D45-3808-49B5-BDF3-4536DA399DD4} = {E0B8FBD1-A28A-4420-9DE2-6BD06035CBAC}
		{99185F12-DFAD-4DB8-A2C4-C7E9700C0A31} = {E0B8FBD1-A28A-4420-9DE2-6BD06035CBAC}
		{AB9F4635-0ACB-4E5E-8E1B-431E0818CF60} = {E0B8FBD1-A28A-4420-9DE2-6BD06035CBAC}
	EndGlobalSection
	GlobalSection(ExtensibilityGlobals) = postSolution
		SolutionGuid = {B57FDA8F-95CF-478B-A0A8-7FF0F01CCFAB}
	EndGlobalSection
EndGlobal
