
Microsoft Visual Studio Solution File, Format Version 12.00
# Visual Studio 15
VisualStudioVersion = 15.0.27130.2036
MinimumVisualStudioVersion = 10.0.40219.1
Project("{FAE04EC0-301F-11D3-BF4B-00C04F79EFBC}") = "Masuit.Tools", "Masuit.Tools\Masuit.Tools.csproj", "{275D5A0D-C49C-497E-A4B5-F40285C2495F}"
EndProject
Project("{9A19103F-16F7-4668-BE54-9A1E7A4F7556}") = "Masuit.Tools.Core", "Masuit.Tools.Core\Masuit.Tools.Core.csproj", "{149E6872-CE95-493B-B136-535E64C65A49}"
EndProject
Project("{FAE04EC0-301F-11D3-BF4B-00C04F79EFBC}") = "Masuit.Tools.UnitTest", "Masuit.Tools.UnitTest\Masuit.Tools.UnitTest.csproj", "{174474CB-0C9A-4C99-B461-1A2158F00A98}"
EndProject
Project("{9A19103F-16F7-4668-BE54-9A1E7A4F7556}") = "Masuit.Tools.Core.UnitTest", "Masuit.Tools.Core.UnitTest\Masuit.Tools.Core.UnitTest.csproj", "{82383331-259E-4FB8-BA90-47C0E1AFB4FA}"
EndProject
Project("{2150E333-8FDC-42A3-9474-1A3956D46DE8}") = "测试", "测试", "{E0B8FBD1-A28A-4420-9DE2-6BD06035CBAC}"
EndProject
Project("{FAE04EC0-301F-11D3-BF4B-00C04F79EFBC}") = "Test", "Test\Test.csproj", "{91954D82-A5FC-417B-8FD9-D9C165C8F16C}"
EndProject
Project("{9A19103F-16F7-4668-BE54-9A1E7A4F7556}") = "NetCoreTest", "NetCoreTest\NetCoreTest.csproj", "{ABEC3F65-6556-44FD-BECE-33F7927FB3AE}"
EndProject
Project("{9A19103F-16F7-4668-BE54-9A1E7A4F7556}") = "Masuit.Tools.AspNetCore.ResumeFileResults.WebTest", "Masuit.Tools.AspNetCore.ResumeFileResults.WebTest\Masuit.Tools.AspNetCore.ResumeFileResults.WebTest.csproj", "{49E16577-01CD-4104-B73E-449B2960D956}"
EndProject
Project("{9A19103F-16F7-4668-BE54-9A1E7A4F7556}") = "Masuit.Tools.ExpressionMapperBenchmark", "Masuit.Tools.ExpressionMapperBenchmark\Masuit.Tools.ExpressionMapperBenchmark.csproj", "{1D51DC49-6626-41AF-B1B5-085C83307FF2}"
EndProject
Project("{9A19103F-16F7-4668-BE54-9A1E7A4F7556}") = "Masuit.Tools.NoSQL.MongoDBClient", "Masuit.Tools.NoSQL.MongoDBClient\Masuit.Tools.NoSQL.MongoDBClient.csproj", "{2C4FF8E9-2662-4618-ABA4-BA55AA5EA9AB}"
EndProject
Global
	GlobalSection(SolutionConfigurationPlatforms) = preSolution
		Debug|Any CPU = Debug|Any CPU
		Release|Any CPU = Release|Any CPU
	EndGlobalSection
	GlobalSection(ProjectConfigurationPlatforms) = postSolution
		{275D5A0D-C49C-497E-A4B5-F40285C2495F}.Debug|Any CPU.ActiveCfg = Debug|Any CPU
		{275D5A0D-C49C-497E-A4B5-F40285C2495F}.Debug|Any CPU.Build.0 = Debug|Any CPU
		{275D5A0D-C49C-497E-A4B5-F40285C2495F}.Release|Any CPU.ActiveCfg = Release|Any CPU
		{275D5A0D-C49C-497E-A4B5-F40285C2495F}.Release|Any CPU.Build.0 = Release|Any CPU
		{149E6872-CE95-493B-B136-535E64C65A49}.Debug|Any CPU.ActiveCfg = Debug|Any CPU
		{149E6872-CE95-493B-B136-535E64C65A49}.Debug|Any CPU.Build.0 = Debug|Any CPU
		{149E6872-CE95-493B-B136-535E64C65A49}.Release|Any CPU.ActiveCfg = Release|Any CPU
		{149E6872-CE95-493B-B136-535E64C65A49}.Release|Any CPU.Build.0 = Release|Any CPU
		{174474CB-0C9A-4C99-B461-1A2158F00A98}.Debug|Any CPU.ActiveCfg = Debug|Any CPU
		{174474CB-0C9A-4C99-B461-1A2158F00A98}.Debug|Any CPU.Build.0 = Debug|Any CPU
		{174474CB-0C9A-4C99-B461-1A2158F00A98}.Release|Any CPU.ActiveCfg = Release|Any CPU
		{174474CB-0C9A-4C99-B461-1A2158F00A98}.Release|Any CPU.Build.0 = Release|Any CPU
		{82383331-259E-4FB8-BA90-47C0E1AFB4FA}.Debug|Any CPU.ActiveCfg = Debug|Any CPU
		{82383331-259E-4FB8-BA90-47C0E1AFB4FA}.Debug|Any CPU.Build.0 = Debug|Any CPU
		{82383331-259E-4FB8-BA90-47C0E1AFB4FA}.Release|Any CPU.ActiveCfg = Release|Any CPU
		{82383331-259E-4FB8-BA90-47C0E1AFB4FA}.Release|Any CPU.Build.0 = Release|Any CPU
		{91954D82-A5FC-417B-8FD9-D9C165C8F16C}.Debug|Any CPU.ActiveCfg = Debug|Any CPU
		{91954D82-A5FC-417B-8FD9-D9C165C8F16C}.Debug|Any CPU.Build.0 = Debug|Any CPU
		{91954D82-A5FC-417B-8FD9-D9C165C8F16C}.Release|Any CPU.ActiveCfg = Release|Any CPU
		{91954D82-A5FC-417B-8FD9-D9C165C8F16C}.Release|Any CPU.Build.0 = Release|Any CPU
		{ABEC3F65-6556-44FD-BECE-33F7927FB3AE}.Debug|Any CPU.ActiveCfg = Debug|Any CPU
		{ABEC3F65-6556-44FD-BECE-33F7927FB3AE}.Debug|Any CPU.Build.0 = Debug|Any CPU
		{ABEC3F65-6556-44FD-BECE-33F7927FB3AE}.Release|Any CPU.ActiveCfg = Release|Any CPU
		{ABEC3F65-6556-44FD-BECE-33F7927FB3AE}.Release|Any CPU.Build.0 = Release|Any CPU
		{49E16577-01CD-4104-B73E-449B2960D956}.Debug|Any CPU.ActiveCfg = Debug|Any CPU
		{49E16577-01CD-4104-B73E-449B2960D956}.Debug|Any CPU.Build.0 = Debug|Any CPU
		{49E16577-01CD-4104-B73E-449B2960D956}.Release|Any CPU.ActiveCfg = Release|Any CPU
		{49E16577-01CD-4104-B73E-449B2960D956}.Release|Any CPU.Build.0 = Release|Any CPU
		{1D51DC49-6626-41AF-B1B5-085C83307FF2}.Debug|Any CPU.ActiveCfg = Debug|Any CPU
		{1D51DC49-6626-41AF-B1B5-085C83307FF2}.Debug|Any CPU.Build.0 = Debug|Any CPU
		{1D51DC49-6626-41AF-B1B5-085C83307FF2}.Release|Any CPU.ActiveCfg = Release|Any CPU
		{1D51DC49-6626-41AF-B1B5-085C83307FF2}.Release|Any CPU.Build.0 = Release|Any CPU
		{2C4FF8E9-2662-4618-ABA4-BA55AA5EA9AB}.Debug|Any CPU.ActiveCfg = Debug|Any CPU
		{2C4FF8E9-2662-4618-ABA4-BA55AA5EA9AB}.Debug|Any CPU.Build.0 = Debug|Any CPU
		{2C4FF8E9-2662-4618-ABA4-BA55AA5EA9AB}.Release|Any CPU.ActiveCfg = Release|Any CPU
		{2C4FF8E9-2662-4618-ABA4-BA55AA5EA9AB}.Release|Any CPU.Build.0 = Release|Any CPU
	EndGlobalSection
	GlobalSection(SolutionProperties) = preSolution
		HideSolutionNode = FALSE
	EndGlobalSection
	GlobalSection(NestedProjects) = preSolution
		{174474CB-0C9A-4C99-B461-1A2158F00A98} = {E0B8FBD1-A28A-4420-9DE2-6BD06035CBAC}
		{82383331-259E-4FB8-BA90-47C0E1AFB4FA} = {E0B8FBD1-A28A-4420-9DE2-6BD06035CBAC}
		{49E16577-01CD-4104-B73E-449B2960D956} = {E0B8FBD1-A28A-4420-9DE2-6BD06035CBAC}
		{1D51DC49-6626-41AF-B1B5-085C83307FF2} = {E0B8FBD1-A28A-4420-9DE2-6BD06035CBAC}
	EndGlobalSection
	GlobalSection(ExtensibilityGlobals) = postSolution
		SolutionGuid = {B57FDA8F-95CF-478B-A0A8-7FF0F01CCFAB}
	EndGlobalSection
EndGlobal
